// !$*UTF8*$!
{
	archiveVersion = 1;
	classes = {
	};
	objectVersion = 46;
	objects = {

/* Begin PBXBuildFile section */
		2011A3BA1A5F1AC00098E3C6 /* BSGenreAndAuthorAccordionViewController.m in Sources */ = {isa = PBXBuildFile; fileRef = 2011A3B91A5F1AC00098E3C6 /* BSGenreAndAuthorAccordionViewController.m */; };
		20862C3F1A0AAF60002FDC34 /* main.m in Sources */ = {isa = PBXBuildFile; fileRef = 20862C3E1A0AAF60002FDC34 /* main.m */; };
		20862C421A0AAF60002FDC34 /* AppDelegate.m in Sources */ = {isa = PBXBuildFile; fileRef = 20862C411A0AAF60002FDC34 /* AppDelegate.m */; };
		20862C451A0AAF60002FDC34 /* BookShop.xcdatamodeld in Sources */ = {isa = PBXBuildFile; fileRef = 20862C431A0AAF60002FDC34 /* BookShop.xcdatamodeld */; };
		20862C481A0AAF60002FDC34 /* BSSignInViewController.m in Sources */ = {isa = PBXBuildFile; fileRef = 20862C471A0AAF60002FDC34 /* BSSignInViewController.m */; };
		20862C4B1A0AAF60002FDC34 /* Main.storyboard in Resources */ = {isa = PBXBuildFile; fileRef = 20862C491A0AAF60002FDC34 /* Main.storyboard */; };
		20862C4D1A0AAF60002FDC34 /* Images.xcassets in Resources */ = {isa = PBXBuildFile; fileRef = 20862C4C1A0AAF60002FDC34 /* Images.xcassets */; };
		20862C501A0AAF60002FDC34 /* LaunchScreen.xib in Resources */ = {isa = PBXBuildFile; fileRef = 20862C4E1A0AAF60002FDC34 /* LaunchScreen.xib */; };
		20862C5C1A0AAF60002FDC34 /* BookShopTests.m in Sources */ = {isa = PBXBuildFile; fileRef = 20862C5B1A0AAF60002FDC34 /* BookShopTests.m */; };
		20D30FE71A15323000999F7A /* BSSignUpTableViewController.m in Sources */ = {isa = PBXBuildFile; fileRef = 20D30FE61A15323000999F7A /* BSSignUpTableViewController.m */; };
		20D310221A36DC4500999F7A /* boostorelogo.jpg in Resources */ = {isa = PBXBuildFile; fileRef = 20D310211A36DC4500999F7A /* boostorelogo.jpg */; };
		20D310241A36DD0600999F7A /* boostorelogo3.jpg in Resources */ = {isa = PBXBuildFile; fileRef = 20D310231A36DD0600999F7A /* boostorelogo3.jpg */; };
/* End PBXBuildFile section */

/* Begin PBXContainerItemProxy section */
		20862C561A0AAF60002FDC34 /* PBXContainerItemProxy */ = {
			isa = PBXContainerItemProxy;
			containerPortal = 20862C311A0AAF60002FDC34 /* Project object */;
			proxyType = 1;
			remoteGlobalIDString = 20862C381A0AAF60002FDC34;
			remoteInfo = BookShop;
		};
/* End PBXContainerItemProxy section */

/* Begin PBXFileReference section */
		2011A3B81A5F1AC00098E3C6 /* BSGenreAndAuthorAccordionViewController.h */ = {isa = PBXFileReference; fileEncoding = 4; lastKnownFileType = sourcecode.c.h; name = BSGenreAndAuthorAccordionViewController.h; path = ../BSGenreAndAuthorAccordionViewController.h; sourceTree = "<group>"; };
		2011A3B91A5F1AC00098E3C6 /* BSGenreAndAuthorAccordionViewController.m */ = {isa = PBXFileReference; fileEncoding = 4; lastKnownFileType = sourcecode.c.objc; name = BSGenreAndAuthorAccordionViewController.m; path = ../BSGenreAndAuthorAccordionViewController.m; sourceTree = "<group>"; };
		20862C391A0AAF60002FDC34 /* BookShop.app */ = {isa = PBXFileReference; explicitFileType = wrapper.application; includeInIndex = 0; path = BookShop.app; sourceTree = BUILT_PRODUCTS_DIR; };
		20862C3D1A0AAF60002FDC34 /* Info.plist */ = {isa = PBXFileReference; lastKnownFileType = text.plist.xml; path = Info.plist; sourceTree = "<group>"; };
		20862C3E1A0AAF60002FDC34 /* main.m */ = {isa = PBXFileReference; lastKnownFileType = sourcecode.c.objc; path = main.m; sourceTree = "<group>"; };
		20862C401A0AAF60002FDC34 /* AppDelegate.h */ = {isa = PBXFileReference; lastKnownFileType = sourcecode.c.h; path = AppDelegate.h; sourceTree = "<group>"; };
		20862C411A0AAF60002FDC34 /* AppDelegate.m */ = {isa = PBXFileReference; lastKnownFileType = sourcecode.c.objc; path = AppDelegate.m; sourceTree = "<group>"; };
		20862C441A0AAF60002FDC34 /* BookShop.xcdatamodel */ = {isa = PBXFileReference; lastKnownFileType = wrapper.xcdatamodel; path = BookShop.xcdatamodel; sourceTree = "<group>"; };
		20862C461A0AAF60002FDC34 /* BSSignInViewController.h */ = {isa = PBXFileReference; lastKnownFileType = sourcecode.c.h; path = BSSignInViewController.h; sourceTree = "<group>"; };
		20862C471A0AAF60002FDC34 /* BSSignInViewController.m */ = {isa = PBXFileReference; lastKnownFileType = sourcecode.c.objc; path = BSSignInViewController.m; sourceTree = "<group>"; };
		20862C4A1A0AAF60002FDC34 /* Base */ = {isa = PBXFileReference; lastKnownFileType = file.storyboard; name = Base; path = Base.lproj/Main.storyboard; sourceTree = "<group>"; };
		20862C4C1A0AAF60002FDC34 /* Images.xcassets */ = {isa = PBXFileReference; lastKnownFileType = folder.assetcatalog; path = Images.xcassets; sourceTree = "<group>"; };
		20862C4F1A0AAF60002FDC34 /* Base */ = {isa = PBXFileReference; lastKnownFileType = file.xib; name = Base; path = Base.lproj/LaunchScreen.xib; sourceTree = "<group>"; };
		20862C551A0AAF60002FDC34 /* BookShopTests.xctest */ = {isa = PBXFileReference; explicitFileType = wrapper.cfbundle; includeInIndex = 0; path = BookShopTests.xctest; sourceTree = BUILT_PRODUCTS_DIR; };
		20862C5A1A0AAF60002FDC34 /* Info.plist */ = {isa = PBXFileReference; lastKnownFileType = text.plist.xml; path = Info.plist; sourceTree = "<group>"; };
		20862C5B1A0AAF60002FDC34 /* BookShopTests.m */ = {isa = PBXFileReference; lastKnownFileType = sourcecode.c.objc; path = BookShopTests.m; sourceTree = "<group>"; };
		20D30FE51A15323000999F7A /* BSSignUpTableViewController.h */ = {isa = PBXFileReference; fileEncoding = 4; lastKnownFileType = sourcecode.c.h; path = BSSignUpTableViewController.h; sourceTree = "<group>"; };
		20D30FE61A15323000999F7A /* BSSignUpTableViewController.m */ = {isa = PBXFileReference; fileEncoding = 4; lastKnownFileType = sourcecode.c.objc; path = BSSignUpTableViewController.m; sourceTree = "<group>"; };
		20D310211A36DC4500999F7A /* boostorelogo.jpg */ = {isa = PBXFileReference; lastKnownFileType = image.jpeg; path = boostorelogo.jpg; sourceTree = "<group>"; };
		20D310231A36DD0600999F7A /* boostorelogo3.jpg */ = {isa = PBXFileReference; lastKnownFileType = image.jpeg; path = boostorelogo3.jpg; sourceTree = "<group>"; };
/* End PBXFileReference section */

/* Begin PBXFrameworksBuildPhase section */
		20862C361A0AAF60002FDC34 /* Frameworks */ = {
			isa = PBXFrameworksBuildPhase;
			buildActionMask = 2147483647;
			files = (
			);
			runOnlyForDeploymentPostprocessing = 0;
		};
		20862C521A0AAF60002FDC34 /* Frameworks */ = {
			isa = PBXFrameworksBuildPhase;
			buildActionMask = 2147483647;
			files = (
			);
			runOnlyForDeploymentPostprocessing = 0;
		};
/* End PBXFrameworksBuildPhase section */

/* Begin PBXGroup section */
		2011A3BB1A5F20DE0098E3C6 /* AccordionView */ = {
			isa = PBXGroup;
			children = (
				2011A3B81A5F1AC00098E3C6 /* BSGenreAndAuthorAccordionViewController.h */,
				2011A3B91A5F1AC00098E3C6 /* BSGenreAndAuthorAccordionViewController.m */,
			);
			name = AccordionView;
			sourceTree = "<group>";
		};
		20862C301A0AAF60002FDC34 = {
			isa = PBXGroup;
			children = (
				20862C3B1A0AAF60002FDC34 /* BookShop */,
				20862C581A0AAF60002FDC34 /* BookShopTests */,
				20862C3A1A0AAF60002FDC34 /* Products */,
			);
			sourceTree = "<group>";
		};
		20862C3A1A0AAF60002FDC34 /* Products */ = {
			isa = PBXGroup;
			children = (
				20862C391A0AAF60002FDC34 /* BookShop.app */,
				20862C551A0AAF60002FDC34 /* BookShopTests.xctest */,
			);
			name = Products;
			sourceTree = "<group>";
		};
		20862C3B1A0AAF60002FDC34 /* BookShop */ = {
			isa = PBXGroup;
			children = (
				20862C401A0AAF60002FDC34 /* AppDelegate.h */,
				20862C411A0AAF60002FDC34 /* AppDelegate.m */,
				20862C461A0AAF60002FDC34 /* BSSignInViewController.h */,
				20862C471A0AAF60002FDC34 /* BSSignInViewController.m */,
				20862C491A0AAF60002FDC34 /* Main.storyboard */,
				20D30FE51A15323000999F7A /* BSSignUpTableViewController.h */,
				20D30FE61A15323000999F7A /* BSSignUpTableViewController.m */,
				2011A3BB1A5F20DE0098E3C6 /* AccordionView */,
				20862C4C1A0AAF60002FDC34 /* Images.xcassets */,
				20862C4E1A0AAF60002FDC34 /* LaunchScreen.xib */,
				20862C431A0AAF60002FDC34 /* BookShop.xcdatamodeld */,
				20D310201A36DC4500999F7A /* Resources */,
				20862C3C1A0AAF60002FDC34 /* Supporting Files */,
			);
			path = BookShop;
			sourceTree = "<group>";
		};
		20862C3C1A0AAF60002FDC34 /* Supporting Files */ = {
			isa = PBXGroup;
			children = (
				20862C3D1A0AAF60002FDC34 /* Info.plist */,
				20862C3E1A0AAF60002FDC34 /* main.m */,
			);
			name = "Supporting Files";
			sourceTree = "<group>";
		};
		20862C581A0AAF60002FDC34 /* BookShopTests */ = {
			isa = PBXGroup;
			children = (
				20862C5B1A0AAF60002FDC34 /* BookShopTests.m */,
				20862C591A0AAF60002FDC34 /* Supporting Files */,
			);
			path = BookShopTests;
			sourceTree = "<group>";
		};
		20862C591A0AAF60002FDC34 /* Supporting Files */ = {
			isa = PBXGroup;
			children = (
				20862C5A1A0AAF60002FDC34 /* Info.plist */,
			);
			name = "Supporting Files";
			sourceTree = "<group>";
		};
		20D310201A36DC4500999F7A /* Resources */ = {
			isa = PBXGroup;
			children = (
				20D310231A36DD0600999F7A /* boostorelogo3.jpg */,
				20D310211A36DC4500999F7A /* boostorelogo.jpg */,
			);
			path = Resources;
			sourceTree = "<group>";
		};
/* End PBXGroup section */

/* Begin PBXNativeTarget section */
		20862C381A0AAF60002FDC34 /* BookShop */ = {
			isa = PBXNativeTarget;
			buildConfigurationList = 20862C5F1A0AAF60002FDC34 /* Build configuration list for PBXNativeTarget "BookShop" */;
			buildPhases = (
				20862C351A0AAF60002FDC34 /* Sources */,
				20862C361A0AAF60002FDC34 /* Frameworks */,
				20862C371A0AAF60002FDC34 /* Resources */,
			);
			buildRules = (
			);
			dependencies = (
			);
			name = BookShop;
			productName = BookShop;
			productReference = 20862C391A0AAF60002FDC34 /* BookShop.app */;
			productType = "com.apple.product-type.application";
		};
		20862C541A0AAF60002FDC34 /* BookShopTests */ = {
			isa = PBXNativeTarget;
			buildConfigurationList = 20862C621A0AAF60002FDC34 /* Build configuration list for PBXNativeTarget "BookShopTests" */;
			buildPhases = (
				20862C511A0AAF60002FDC34 /* Sources */,
				20862C521A0AAF60002FDC34 /* Frameworks */,
				20862C531A0AAF60002FDC34 /* Resources */,
			);
			buildRules = (
			);
			dependencies = (
				20862C571A0AAF60002FDC34 /* PBXTargetDependency */,
			);
			name = BookShopTests;
			productName = BookShopTests;
			productReference = 20862C551A0AAF60002FDC34 /* BookShopTests.xctest */;
			productType = "com.apple.product-type.bundle.unit-test";
		};
/* End PBXNativeTarget section */

/* Begin PBXProject section */
		20862C311A0AAF60002FDC34 /* Project object */ = {
			isa = PBXProject;
			attributes = {
				LastUpgradeCheck = 0610;
				ORGANIZATIONNAME = Fan;
				TargetAttributes = {
					20862C381A0AAF60002FDC34 = {
						CreatedOnToolsVersion = 6.1;
					};
					20862C541A0AAF60002FDC34 = {
						CreatedOnToolsVersion = 6.1;
						TestTargetID = 20862C381A0AAF60002FDC34;
					};
				};
			};
			buildConfigurationList = 20862C341A0AAF60002FDC34 /* Build configuration list for PBXProject "BookShop" */;
			compatibilityVersion = "Xcode 3.2";
			developmentRegion = English;
			hasScannedForEncodings = 0;
			knownRegions = (
				en,
				Base,
			);
			mainGroup = 20862C301A0AAF60002FDC34;
			productRefGroup = 20862C3A1A0AAF60002FDC34 /* Products */;
			projectDirPath = "";
			projectRoot = "";
			targets = (
				20862C381A0AAF60002FDC34 /* BookShop */,
				20862C541A0AAF60002FDC34 /* BookShopTests */,
			);
		};
/* End PBXProject section */

/* Begin PBXResourcesBuildPhase section */
		20862C371A0AAF60002FDC34 /* Resources */ = {
			isa = PBXResourcesBuildPhase;
			buildActionMask = 2147483647;
			files = (
				20D310241A36DD0600999F7A /* boostorelogo3.jpg in Resources */,
				20862C4B1A0AAF60002FDC34 /* Main.storyboard in Resources */,
				20D310221A36DC4500999F7A /* boostorelogo.jpg in Resources */,
				20862C501A0AAF60002FDC34 /* LaunchScreen.xib in Resources */,
				20862C4D1A0AAF60002FDC34 /* Images.xcassets in Resources */,
			);
			runOnlyForDeploymentPostprocessing = 0;
		};
		20862C531A0AAF60002FDC34 /* Resources */ = {
			isa = PBXResourcesBuildPhase;
			buildActionMask = 2147483647;
			files = (
			);
			runOnlyForDeploymentPostprocessing = 0;
		};
/* End PBXResourcesBuildPhase section */

/* Begin PBXSourcesBuildPhase section */
		20862C351A0AAF60002FDC34 /* Sources */ = {
			isa = PBXSourcesBuildPhase;
			buildActionMask = 2147483647;
			files = (
				20862C451A0AAF60002FDC34 /* BookShop.xcdatamodeld in Sources */,
				20862C421A0AAF60002FDC34 /* AppDelegate.m in Sources */,
				20862C481A0AAF60002FDC34 /* BSSignInViewController.m in Sources */,
				20D30FE71A15323000999F7A /* BSSignUpTableViewController.m in Sources */,
				20862C3F1A0AAF60002FDC34 /* main.m in Sources */,
				2011A3BA1A5F1AC00098E3C6 /* BSGenreAndAuthorAccordionViewController.m in Sources */,
			);
			runOnlyForDeploymentPostprocessing = 0;
		};
		20862C511A0AAF60002FDC34 /* Sources */ = {
			isa = PBXSourcesBuildPhase;
			buildActionMask = 2147483647;
			files = (
				20862C5C1A0AAF60002FDC34 /* BookShopTests.m in Sources */,
			);
			runOnlyForDeploymentPostprocessing = 0;
		};
/* End PBXSourcesBuildPhase section */

/* Begin PBXTargetDependency section */
		20862C571A0AAF60002FDC34 /* PBXTargetDependency */ = {
			isa = PBXTargetDependency;
			target = 20862C381A0AAF60002FDC34 /* BookShop */;
			targetProxy = 20862C561A0AAF60002FDC34 /* PBXContainerItemProxy */;
		};
/* End PBXTargetDependency section */

/* Begin PBXVariantGroup section */
		20862C491A0AAF60002FDC34 /* Main.storyboard */ = {
			isa = PBXVariantGroup;
			children = (
				20862C4A1A0AAF60002FDC34 /* Base */,
			);
			name = Main.storyboard;
			sourceTree = "<group>";
		};
		20862C4E1A0AAF60002FDC34 /* LaunchScreen.xib */ = {
			isa = PBXVariantGroup;
			children = (
				20862C4F1A0AAF60002FDC34 /* Base */,
			);
			name = LaunchScreen.xib;
			sourceTree = "<group>";
		};
/* End PBXVariantGroup section */

/* Begin XCBuildConfiguration section */
		20862C5D1A0AAF60002FDC34 /* Debug */ = {
			isa = XCBuildConfiguration;
			buildSettings = {
				ALWAYS_SEARCH_USER_PATHS = NO;
				CLANG_CXX_LANGUAGE_STANDARD = "gnu++0x";
				CLANG_CXX_LIBRARY = "libc++";
				CLANG_ENABLE_MODULES = YES;
				CLANG_ENABLE_OBJC_ARC = YES;
				CLANG_WARN_BOOL_CONVERSION = YES;
				CLANG_WARN_CONSTANT_CONVERSION = YES;
				CLANG_WARN_DIRECT_OBJC_ISA_USAGE = YES_ERROR;
				CLANG_WARN_EMPTY_BODY = YES;
				CLANG_WARN_ENUM_CONVERSION = YES;
				CLANG_WARN_INT_CONVERSION = YES;
				CLANG_WARN_OBJC_ROOT_CLASS = YES_ERROR;
				CLANG_WARN_UNREACHABLE_CODE = YES;
				CLANG_WARN__DUPLICATE_METHOD_MATCH = YES;
				"CODE_SIGN_IDENTITY[sdk=iphoneos*]" = "iPhone Developer";
				COPY_PHASE_STRIP = NO;
				ENABLE_STRICT_OBJC_MSGSEND = YES;
				GCC_C_LANGUAGE_STANDARD = gnu99;
				GCC_DYNAMIC_NO_PIC = NO;
				GCC_OPTIMIZATION_LEVEL = 0;
				GCC_PREPROCESSOR_DEFINITIONS = (
					"DEBUG=1",
					"$(inherited)",
				);
				GCC_SYMBOLS_PRIVATE_EXTERN = NO;
				GCC_WARN_64_TO_32_BIT_CONVERSION = YES;
				GCC_WARN_ABOUT_RETURN_TYPE = YES_ERROR;
				GCC_WARN_UNDECLARED_SELECTOR = YES;
				GCC_WARN_UNINITIALIZED_AUTOS = YES_AGGRESSIVE;
				GCC_WARN_UNUSED_FUNCTION = YES;
				GCC_WARN_UNUSED_VARIABLE = YES;
				IPHONEOS_DEPLOYMENT_TARGET = 8.1;
				MTL_ENABLE_DEBUG_INFO = YES;
				ONLY_ACTIVE_ARCH = YES;
				SDKROOT = iphoneos;
			};
			name = Debug;
		};
		20862C5E1A0AAF60002FDC34 /* Release */ = {
			isa = XCBuildConfiguration;
			buildSettings = {
				ALWAYS_SEARCH_USER_PATHS = NO;
				CLANG_CXX_LANGUAGE_STANDARD = "gnu++0x";
				CLANG_CXX_LIBRARY = "libc++";
				CLANG_ENABLE_MODULES = YES;
				CLANG_ENABLE_OBJC_ARC = YES;
				CLANG_WARN_BOOL_CONVERSION = YES;
				CLANG_WARN_CONSTANT_CONVERSION = YES;
				CLANG_WARN_DIRECT_OBJC_ISA_USAGE = YES_ERROR;
				CLANG_WARN_EMPTY_BODY = YES;
				CLANG_WARN_ENUM_CONVERSION = YES;
				CLANG_WARN_INT_CONVERSION = YES;
				CLANG_WARN_OBJC_ROOT_CLASS = YES_ERROR;
				CLANG_WARN_UNREACHABLE_CODE = YES;
				CLANG_WARN__DUPLICATE_METHOD_MATCH = YES;
				"CODE_SIGN_IDENTITY[sdk=iphoneos*]" = "iPhone Developer";
				COPY_PHASE_STRIP = YES;
				ENABLE_NS_ASSERTIONS = NO;
				ENABLE_STRICT_OBJC_MSGSEND = YES;
				GCC_C_LANGUAGE_STANDARD = gnu99;
				GCC_WARN_64_TO_32_BIT_CONVERSION = YES;
				GCC_WARN_ABOUT_RETURN_TYPE = YES_ERROR;
				GCC_WARN_UNDECLARED_SELECTOR = YES;
				GCC_WARN_UNINITIALIZED_AUTOS = YES_AGGRESSIVE;
				GCC_WARN_UNUSED_FUNCTION = YES;
				GCC_WARN_UNUSED_VARIABLE = YES;
				IPHONEOS_DEPLOYMENT_TARGET = 8.1;
				MTL_ENABLE_DEBUG_INFO = NO;
				SDKROOT = iphoneos;
				VALIDATE_PRODUCT = YES;
			};
			name = Release;
		};
		20862C601A0AAF60002FDC34 /* Debug */ = {
			isa = XCBuildConfiguration;
			buildSettings = {
				ASSETCATALOG_COMPILER_APPICON_NAME = AppIcon;
				INFOPLIST_FILE = BookShop/Info.plist;
				LD_RUNPATH_SEARCH_PATHS = "$(inherited) @executable_path/Frameworks";
				PRODUCT_NAME = "$(TARGET_NAME)";
			};
			name = Debug;
		};
		20862C611A0AAF60002FDC34 /* Release */ = {
			isa = XCBuildConfiguration;
			buildSettings = {
				ASSETCATALOG_COMPILER_APPICON_NAME = AppIcon;
				INFOPLIST_FILE = BookShop/Info.plist;
				LD_RUNPATH_SEARCH_PATHS = "$(inherited) @executable_path/Frameworks";
				PRODUCT_NAME = "$(TARGET_NAME)";
			};
			name = Release;
		};
		20862C631A0AAF60002FDC34 /* Debug */ = {
			isa = XCBuildConfiguration;
			buildSettings = {
				BUNDLE_LOADER = "$(TEST_HOST)";
				FRAMEWORK_SEARCH_PATHS = (
					"$(SDKROOT)/Developer/Library/Frameworks",
					"$(inherited)",
				);
				GCC_PREPROCESSOR_DEFINITIONS = (
					"DEBUG=1",
					"$(inherited)",
				);
				INFOPLIST_FILE = BookShopTests/Info.plist;
				LD_RUNPATH_SEARCH_PATHS = "$(inherited) @executable_path/Frameworks @loader_path/Frameworks";
				PRODUCT_NAME = "$(TARGET_NAME)";
				TEST_HOST = "$(BUILT_PRODUCTS_DIR)/BookShop.app/BookShop";
			};
			name = Debug;
		};
		20862C641A0AAF60002FDC34 /* Release */ = {
			isa = XCBuildConfiguration;
			buildSettings = {
				BUNDLE_LOADER = "$(TEST_HOST)";
				FRAMEWORK_SEARCH_PATHS = (
					"$(SDKROOT)/Developer/Library/Frameworks",
					"$(inherited)",
				);
				INFOPLIST_FILE = BookShopTests/Info.plist;
				LD_RUNPATH_SEARCH_PATHS = "$(inherited) @executable_path/Frameworks @loader_path/Frameworks";
				PRODUCT_NAME = "$(TARGET_NAME)";
				TEST_HOST = "$(BUILT_PRODUCTS_DIR)/BookShop.app/BookShop";
			};
			name = Release;
		};
/* End XCBuildConfiguration section */

/* Begin XCConfigurationList section */
		20862C341A0AAF60002FDC34 /* Build configuration list for PBXProject "BookShop" */ = {
			isa = XCConfigurationList;
			buildConfigurations = (
				20862C5D1A0AAF60002FDC34 /* Debug */,
				20862C5E1A0AAF60002FDC34 /* Release */,
			);
			defaultConfigurationIsVisible = 0;
			defaultConfigurationName = Release;
		};
		20862C5F1A0AAF60002FDC34 /* Build configuration list for PBXNativeTarget "BookShop" */ = {
			isa = XCConfigurationList;
			buildConfigurations = (
				20862C601A0AAF60002FDC34 /* Debug */,
				20862C611A0AAF60002FDC34 /* Release */,
			);
			defaultConfigurationIsVisible = 0;
			defaultConfigurationName = Release;
		};
		20862C621A0AAF60002FDC34 /* Build configuration list for PBXNativeTarget "BookShopTests" */ = {
			isa = XCConfigurationList;
			buildConfigurations = (
				20862C631A0AAF60002FDC34 /* Debug */,
				20862C641A0AAF60002FDC34 /* Release */,
			);
			defaultConfigurationIsVisible = 0;
			defaultConfigurationName = Release;
		};
/* End XCConfigurationList section */

/* Begin XCVersionGroup section */
		20862C431A0AAF60002FDC34 /* BookShop.xcdatamodeld */ = {
			isa = XCVersionGroup;
			children = (
				20862C441A0AAF60002FDC34 /* BookShop.xcdatamodel */,
			);
			currentVersion = 20862C441A0AAF60002FDC34 /* BookShop.xcdatamodel */;
			path = BookShop.xcdatamodeld;
			sourceTree = "<group>";
			versionGroupType = wrapper.xcdatamodel;
		};
/* End XCVersionGroup section */
	};
	rootObject = 20862C311A0AAF60002FDC34 /* Project object */;
}
